
Microsoft Visual Studio Solution File, Format Version 11.00
# Visual Studio 2010
Project("{FAE04EC0-301F-11D3-BF4B-00C04F79EFBC}") = "AppWeb", "AppWeb\AppWeb.csproj", "{D9C83767-D68A-44EE-92FF-73C12CD397FB}"
EndProject
Project("{FAE04EC0-301F-11D3-BF4B-00C04F79EFBC}") = "AppDAL", "AppDAL\AppDAL.csproj", "{98FE53C6-2E0C-45EB-AEA5-282D6BAED614}"
EndProject
Global
	GlobalSection(SolutionConfigurationPlatforms) = preSolution
		Debug|Any CPU = Debug|Any CPU
		Debug|Mixed Platforms = Debug|Mixed Platforms
		Debug|x86 = Debug|x86
		Release|Any CPU = Release|Any CPU
		Release|Mixed Platforms = Release|Mixed Platforms
		Release|x86 = Release|x86
	EndGlobalSection
	GlobalSection(ProjectConfigurationPlatforms) = postSolution
		{D9C83767-D68A-44EE-92FF-73C12CD397FB}.Debug|Any CPU.ActiveCfg = Debug|Any CPU
		{D9C83767-D68A-44EE-92FF-73C12CD397FB}.Debug|Any CPU.Build.0 = Debug|Any CPU
		{D9C83767-D68A-44EE-92FF-73C12CD397FB}.Debug|Mixed Platforms.ActiveCfg = Debug|Any CPU
		{D9C83767-D68A-44EE-92FF-73C12CD397FB}.Debug|Mixed Platforms.Build.0 = Debug|Any CPU
		{D9C83767-D68A-44EE-92FF-73C12CD397FB}.Debug|x86.ActiveCfg = Debug|Any CPU
		{D9C83767-D68A-44EE-92FF-73C12CD397FB}.Release|Any CPU.ActiveCfg = Release|Any CPU
		{D9C83767-D68A-44EE-92FF-73C12CD397FB}.Release|Any CPU.Build.0 = Release|Any CPU
		{D9C83767-D68A-44EE-92FF-73C12CD397FB}.Release|Mixed Platforms.ActiveCfg = Release|Any CPU
		{D9C83767-D68A-44EE-92FF-73C12CD397FB}.Release|Mixed Platforms.Build.0 = Release|Any CPU
		{D9C83767-D68A-44EE-92FF-73C12CD397FB}.Release|x86.ActiveCfg = Release|Any CPU
		{98FE53C6-2E0C-45EB-AEA5-282D6BAED614}.Debug|Any CPU.ActiveCfg = Debug|Any CPU
		{98FE53C6-2E0C-45EB-AEA5-282D6BAED614}.Debug|Any CPU.Build.0 = Debug|Any CPU
		{98FE53C6-2E0C-45EB-AEA5-282D6BAED614}.Debug|Mixed Platforms.ActiveCfg = Debug|Any CPU
		{98FE53C6-2E0C-45EB-AEA5-282D6BAED614}.Debug|Mixed Platforms.Build.0 = Debug|Any CPU
		{98FE53C6-2E0C-45EB-AEA5-282D6BAED614}.Debug|x86.ActiveCfg = Debug|Any CPU
		{98FE53C6-2E0C-45EB-AEA5-282D6BAED614}.Release|Any CPU.ActiveCfg = Release|Any CPU
		{98FE53C6-2E0C-45EB-AEA5-282D6BAED614}.Release|Any CPU.Build.0 = Release|Any CPU
		{98FE53C6-2E0C-45EB-AEA5-282D6BAED614}.Release|Mixed Platforms.ActiveCfg = Release|Any CPU
		{98FE53C6-2E0C-45EB-AEA5-282D6BAED614}.Release|Mixed Platforms.Build.0 = Release|Any CPU
		{98FE53C6-2E0C-45EB-AEA5-282D6BAED614}.Release|x86.ActiveCfg = Release|Any CPU
	EndGlobalSection
	GlobalSection(SolutionProperties) = preSolution
		HideSolutionNode = FALSE
	EndGlobalSection
EndGlobal
